
Microsoft Visual Studio Solution File, Format Version 12.00
# Visual Studio Version 16
VisualStudioVersion = 16.0.30320.27
MinimumVisualStudioVersion = 10.0.40219.1
Project("{FAE04EC0-301F-11D3-BF4B-00C04F79EFBC}") = "Stok_Takip_Satis", "Stok_Takip_Satis\Stok_Takip_Satis.csproj", "{EAFEAC5B-3353-403F-8FBE-B269922181E5}"
EndProject
Global
	GlobalSection(SolutionConfigurationPlatforms) = preSolution
		Debug|Any CPU = Debug|Any CPU
		Release|Any CPU = Release|Any CPU
	EndGlobalSection
	GlobalSection(ProjectConfigurationPlatforms) = postSolution
		{EAFEAC5B-3353-403F-8FBE-B269922181E5}.Debug|Any CPU.ActiveCfg = Release|Any CPU
		{EAFEAC5B-3353-403F-8FBE-B269922181E5}.Debug|Any CPU.Build.0 = Release|Any CPU
		{EAFEAC5B-3353-403F-8FBE-B269922181E5}.Release|Any CPU.ActiveCfg = Release|Any CPU
		{EAFEAC5B-3353-403F-8FBE-B269922181E5}.Release|Any CPU.Build.0 = Release|Any CPU
	EndGlobalSection
	GlobalSection(SolutionProperties) = preSolution
		HideSolutionNode = FALSE
	EndGlobalSection
	GlobalSection(ExtensibilityGlobals) = postSolution
		SolutionGuid = {B9A15460-67A9-4734-AFFF-F3D08C7AE09A}
	EndGlobalSection
EndGlobal
